
Microsoft Visual Studio Solution File, Format Version 12.00
# Visual Studio Version 17
VisualStudioVersion = 17.1.32414.318
MinimumVisualStudioVersion = 10.0.40219.1
Project("{FAE04EC0-301F-11D3-BF4B-00C04F79EFBC}") = "Page", "Page\Page.csproj", "{0957BC31-27BC-44E2-A766-0544D72516D0}"
EndProject
Global
	GlobalSection(SolutionConfigurationPlatforms) = preSolution
		Debug|Any CPU = Debug|Any CPU
		Release|Any CPU = Release|Any CPU
	EndGlobalSection
	GlobalSection(ProjectConfigurationPlatforms) = postSolution
		{0957BC31-27BC-44E2-A766-0544D72516D0}.Debug|Any CPU.ActiveCfg = Debug|Any CPU
		{0957BC31-27BC-44E2-A766-0544D72516D0}.Debug|Any CPU.Build.0 = Debug|Any CPU
		{0957BC31-27BC-44E2-A766-0544D72516D0}.Release|Any CPU.ActiveCfg = Release|Any CPU
		{0957BC31-27BC-44E2-A766-0544D72516D0}.Release|Any CPU.Build.0 = Release|Any CPU
	EndGlobalSection
	GlobalSection(SolutionProperties) = preSolution
		HideSolutionNode = FALSE
	EndGlobalSection
	GlobalSection(ExtensibilityGlobals) = postSolution
		SolutionGuid = {2EA2DB51-BC0E-422B-B16B-7BED4BE7A6B4}
	EndGlobalSection
EndGlobal
